
Microsoft Visual Studio Solution File, Format Version 12.00
# Visual Studio 15
VisualStudioVersion = 15.0.26228.9
MinimumVisualStudioVersion = 10.0.40219.1
Project("{2150E333-8FDC-42A3-9474-1A3956D46DE8}") = "src", "src", "{C856A9E3-C110-4AEF-A664-479BC0B64BB2}"
EndProject
Project("{2150E333-8FDC-42A3-9474-1A3956D46DE8}") = "Solution Items", "Solution Items", "{DB9B6824-C428-4126-B516-6FE3F9B650D1}"
EndProject
Project("{9A19103F-16F7-4668-BE54-9A1E7A4F7556}") = "arfaWeb", "src\arfaWeb\arfaWeb.csproj", "{6562960F-00D7-4F81-9157-22C52B3B9A11}"
EndProject
Project("{00D1A9C2-B5F0-4AF3-8072-F6C62B433612}") = "arfaDB", "src\arfaDB\arfaDB.sqlproj", "{A303A3D5-FF8C-4DA6-A83F-3640E9FE2DCD}"
EndProject
Project("{FAE04EC0-301F-11D3-BF4B-00C04F79EFBC}") = "arfa.PrologInterface", "src\arfa.PrologInterface\arfa.PrologInterface.csproj", "{E71148EA-6D9D-42DB-9D93-7DDB4607288A}"
EndProject
Project("{FAE04EC0-301F-11D3-BF4B-00C04F79EFBC}") = "arfa.Interface", "arfa.Interface\arfa.Interface.csproj", "{46A48361-BA33-4754-AAAD-4D82D0892839}"
EndProject
Global
	GlobalSection(SolutionConfigurationPlatforms) = preSolution
		Debug|Any CPU = Debug|Any CPU
		Release|Any CPU = Release|Any CPU
	EndGlobalSection
	GlobalSection(ProjectConfigurationPlatforms) = postSolution
		{6562960F-00D7-4F81-9157-22C52B3B9A11}.Debug|Any CPU.ActiveCfg = Debug|Any CPU
		{6562960F-00D7-4F81-9157-22C52B3B9A11}.Debug|Any CPU.Build.0 = Debug|Any CPU
		{6562960F-00D7-4F81-9157-22C52B3B9A11}.Release|Any CPU.ActiveCfg = Release|Any CPU
		{6562960F-00D7-4F81-9157-22C52B3B9A11}.Release|Any CPU.Build.0 = Release|Any CPU
		{A303A3D5-FF8C-4DA6-A83F-3640E9FE2DCD}.Debug|Any CPU.ActiveCfg = Debug|Any CPU
		{A303A3D5-FF8C-4DA6-A83F-3640E9FE2DCD}.Debug|Any CPU.Deploy.0 = Debug|Any CPU
		{A303A3D5-FF8C-4DA6-A83F-3640E9FE2DCD}.Release|Any CPU.ActiveCfg = Release|Any CPU
		{A303A3D5-FF8C-4DA6-A83F-3640E9FE2DCD}.Release|Any CPU.Build.0 = Release|Any CPU
		{A303A3D5-FF8C-4DA6-A83F-3640E9FE2DCD}.Release|Any CPU.Deploy.0 = Release|Any CPU
		{E71148EA-6D9D-42DB-9D93-7DDB4607288A}.Debug|Any CPU.ActiveCfg = Debug|Any CPU
		{E71148EA-6D9D-42DB-9D93-7DDB4607288A}.Release|Any CPU.ActiveCfg = Release|Any CPU
		{E71148EA-6D9D-42DB-9D93-7DDB4607288A}.Release|Any CPU.Build.0 = Release|Any CPU
		{46A48361-BA33-4754-AAAD-4D82D0892839}.Debug|Any CPU.ActiveCfg = Debug|Any CPU
		{46A48361-BA33-4754-AAAD-4D82D0892839}.Debug|Any CPU.Build.0 = Debug|Any CPU
		{46A48361-BA33-4754-AAAD-4D82D0892839}.Release|Any CPU.ActiveCfg = Release|Any CPU
		{46A48361-BA33-4754-AAAD-4D82D0892839}.Release|Any CPU.Build.0 = Release|Any CPU
	EndGlobalSection
	GlobalSection(SolutionProperties) = preSolution
		HideSolutionNode = FALSE
	EndGlobalSection
	GlobalSection(NestedProjects) = preSolution
		{6562960F-00D7-4F81-9157-22C52B3B9A11} = {C856A9E3-C110-4AEF-A664-479BC0B64BB2}
		{A303A3D5-FF8C-4DA6-A83F-3640E9FE2DCD} = {C856A9E3-C110-4AEF-A664-479BC0B64BB2}
		{E71148EA-6D9D-42DB-9D93-7DDB4607288A} = {C856A9E3-C110-4AEF-A664-479BC0B64BB2}
		{46A48361-BA33-4754-AAAD-4D82D0892839} = {C856A9E3-C110-4AEF-A664-479BC0B64BB2}
	EndGlobalSection
EndGlobal
