
Microsoft Visual Studio Solution File, Format Version 11.00
# Visual Studio 2010
Project("{FAE04EC0-301F-11D3-BF4B-00C04F79EFBC}") = "TCGameMVC", "TCGameMVC\TCGameMVC.csproj", "{D6A233B7-8E58-43D6-BA62-B3EA5BE2EF84}"
EndProject
Project("{FAE04EC0-301F-11D3-BF4B-00C04F79EFBC}") = "DataLayer", "..\TC\DataLayer\DataLayer.csproj", "{308017E5-767C-4106-B4AA-5B26A4BF6431}"
EndProject
Project("{FAE04EC0-301F-11D3-BF4B-00C04F79EFBC}") = "LogicLayer", "LogicLayer\LogicLayer.csproj", "{D5870A78-006C-4AAE-A10E-C655F6583665}"
EndProject
Global
	GlobalSection(SolutionConfigurationPlatforms) = preSolution
		Debug|Any CPU = Debug|Any CPU
		Release|Any CPU = Release|Any CPU
	EndGlobalSection
	GlobalSection(ProjectConfigurationPlatforms) = postSolution
		{D6A233B7-8E58-43D6-BA62-B3EA5BE2EF84}.Debug|Any CPU.ActiveCfg = Debug|Any CPU
		{D6A233B7-8E58-43D6-BA62-B3EA5BE2EF84}.Debug|Any CPU.Build.0 = Debug|Any CPU
		{D6A233B7-8E58-43D6-BA62-B3EA5BE2EF84}.Release|Any CPU.ActiveCfg = Release|Any CPU
		{D6A233B7-8E58-43D6-BA62-B3EA5BE2EF84}.Release|Any CPU.Build.0 = Release|Any CPU
		{308017E5-767C-4106-B4AA-5B26A4BF6431}.Debug|Any CPU.ActiveCfg = Debug|Any CPU
		{308017E5-767C-4106-B4AA-5B26A4BF6431}.Debug|Any CPU.Build.0 = Debug|Any CPU
		{308017E5-767C-4106-B4AA-5B26A4BF6431}.Release|Any CPU.ActiveCfg = Release|Any CPU
		{308017E5-767C-4106-B4AA-5B26A4BF6431}.Release|Any CPU.Build.0 = Release|Any CPU
		{D5870A78-006C-4AAE-A10E-C655F6583665}.Debug|Any CPU.ActiveCfg = Debug|Any CPU
		{D5870A78-006C-4AAE-A10E-C655F6583665}.Debug|Any CPU.Build.0 = Debug|Any CPU
		{D5870A78-006C-4AAE-A10E-C655F6583665}.Release|Any CPU.ActiveCfg = Release|Any CPU
		{D5870A78-006C-4AAE-A10E-C655F6583665}.Release|Any CPU.Build.0 = Release|Any CPU
	EndGlobalSection
	GlobalSection(SolutionProperties) = preSolution
		HideSolutionNode = FALSE
	EndGlobalSection
EndGlobal
